# THIS IS AN AUTOGENERATED FILE. DO NOT EDIT THIS FILE DIRECTLY.
# yarn lockfile v1


"@mona/combinators@^1.0.2", "@mona/combinators@^1.0.5":
  version "1.0.5"
  resolved "https://registry.yarnpkg.com/@mona/combinators/-/combinators-1.0.5.tgz#ce4594c3f6ec27cbf9fe95fb09797c9fc6d038e3"
  dependencies:
    "@mona/core" "^1.0.3"
    "@mona/internals" "^1.0.4"
    babel-polyfill "^6.1.4"

"@mona/core@^1.0.3", "@mona/core@^1.0.4":
  version "1.0.4"
  resolved "https://registry.yarnpkg.com/@mona/core/-/core-1.0.4.tgz#de07c14c4fc0ee389b33873f33c0f1c893005b37"
  dependencies:
    "@mona/internals" "^1.0.4"

"@mona/internals@^1.0.4", "@mona/internals@^1.0.5":
  version "1.0.5"
  resolved "https://registry.yarnpkg.com/@mona/internals/-/internals-1.0.5.tgz#4ef3f0ec46a67378abfb579d84bf4d1d9878cb27"

"@mona/numbers@^1.0.3":
  version "1.0.3"
  resolved "https://registry.yarnpkg.com/@mona/numbers/-/numbers-1.0.3.tgz#736e6fe9094a023bfca54669cf6b8de2dc0063fe"
  dependencies:
    "@mona/combinators" "^1.0.5"
    "@mona/core" "^1.0.4"
    "@mona/strings" "^1.1.0"

"@mona/parse-async@^1.0.0":
  version "1.0.0"
  resolved "https://registry.yarnpkg.com/@mona/parse-async/-/parse-async-1.0.0.tgz#8a69f10f4563f9389c4c10d7bfedec91955e5a14"
  dependencies:
    "@mona/combinators" "^1.0.2"
    "@mona/internals" "^1.0.4"
    "@mona/parse" "^1.0.4"

"@mona/parse@^1.0.4", "@mona/parse@^1.0.5":
  version "1.0.5"
  resolved "https://registry.yarnpkg.com/@mona/parse/-/parse-1.0.5.tgz#d5e30a2d6e01e28aee7bcc4a0de593af97665a92"
  dependencies:
    "@mona/combinators" "^1.0.5"
    "@mona/core" "^1.0.4"
    "@mona/internals" "^1.0.5"

"@mona/strings@^1.1.0", "@mona/strings@^1.1.1":
  version "1.1.1"
  resolved "https://registry.yarnpkg.com/@mona/strings/-/strings-1.1.1.tgz#e3139770660b6bb396d69ab08c2c40f08ef6733f"
  dependencies:
    "@mona/combinators" "^1.0.5"
    "@mona/core" "^1.0.4"

Base64@~0.1.2:
  version "0.1.4"
  resolved "https://registry.yarnpkg.com/Base64/-/Base64-0.1.4.tgz#e9f6c6bef567fd635ea4162ab14dd329e74aa6de"

abbrev@1:
  version "1.1.0"
  resolved "https://registry.yarnpkg.com/abbrev/-/abbrev-1.1.0.tgz#d0554c2256636e2f56e7c2e5ad183f859428d81f"

amdefine@>=0.0.4:
  version "1.0.1"
  resolved "https://registry.yarnpkg.com/amdefine/-/amdefine-1.0.1.tgz#4a5282ac164729e93619bcfd3ad151f817ce91f5"

ansi-regex@^0.2.0, ansi-regex@^0.2.1:
  version "0.2.1"
  resolved "https://registry.yarnpkg.com/ansi-regex/-/ansi-regex-0.2.1.tgz#0d8e946967a3d8143f93e24e298525fc1b2235f9"

ansi-styles@^1.1.0:
  version "1.1.0"
  resolved "https://registry.yarnpkg.com/ansi-styles/-/ansi-styles-1.1.0.tgz#eaecbf66cd706882760b2f4691582b8f55d7a7de"

asap@~2.0.3:
  version "2.0.6"
  resolved "https://registry.yarnpkg.com/asap/-/asap-2.0.6.tgz#e50347611d7e690943208bbdafebcbc2fb866d46"

babel-polyfill@^6.1.4:
  version "6.26.0"
  resolved "https://registry.yarnpkg.com/babel-polyfill/-/babel-polyfill-6.26.0.tgz#379937abc67d7895970adc621f284cd966cf2153"
  dependencies:
    babel-runtime "^6.26.0"
    core-js "^2.5.0"
    regenerator-runtime "^0.10.5"

babel-runtime@^6.26.0:
  version "6.26.0"
  resolved "https://registry.yarnpkg.com/babel-runtime/-/babel-runtime-6.26.0.tgz#965c7058668e82b55d7bfe04ff2337bc8b5647fe"
  dependencies:
    core-js "^2.4.0"
    regenerator-runtime "^0.11.0"

balanced-match@^1.0.0:
  version "1.0.0"
  resolved "https://registry.yarnpkg.com/balanced-match/-/balanced-match-1.0.0.tgz#89b4d199ab2bee49de164ea02b89ce462d71b767"

base64-js@0.0.2:
  version "0.0.2"
  resolved "https://registry.yarnpkg.com/base64-js/-/base64-js-0.0.2.tgz#024f0f72afa25b75f9c0ee73cd4f55ec1bed9784"

bops@0.0.6:
  version "0.0.6"
  resolved "https://registry.yarnpkg.com/bops/-/bops-0.0.6.tgz#082d1d55fa01e60dbdc2ebc2dba37f659554cf3a"
  dependencies:
    base64-js "0.0.2"
    to-utf8 "0.0.1"

brace-expansion@^1.1.7:
  version "1.1.8"
  resolved "https://registry.yarnpkg.com/brace-expansion/-/brace-expansion-1.1.8.tgz#c07b211c7c952ec1f8efd51a77ef0d1d3990a292"
  dependencies:
    balanced-match "^1.0.0"
    concat-map "0.0.1"

browserify@1.15.5:
  version "1.15.5"
  resolved "https://registry.yarnpkg.com/browserify/-/browserify-1.15.5.tgz#2b719496cced986a29940802bf3ae3f9b229add4"
  dependencies:
    buffer-browserify "~0.0.1"
    coffee-script "1.x.x"
    commondir "~0.0.1"
    crypto-browserify "~0"
    deputy "~0.0.3"
    detective "~0.2.0"
    http-browserify "~0.1.1"
    nub "~0.0.0"
    optimist "~0.3.4"
    resolve "~0.2.0"
    syntax-error "~0.0.0"
    vm-browserify "~0.0.0"

buffer-browserify@~0.0.1:
  version "0.0.5"
  resolved "https://registry.yarnpkg.com/buffer-browserify/-/buffer-browserify-0.0.5.tgz#8aa68631c8a8829c6a4ee7ef9a3ac7f2c31e983e"
  dependencies:
    base64-js "0.0.2"

"chainsaw@>=0.0.7 <0.1":
  version "0.0.9"
  resolved "https://registry.yarnpkg.com/chainsaw/-/chainsaw-0.0.9.tgz#11a05102d1c4c785b6d0415d336d5a3a1612913e"
  dependencies:
    traverse ">=0.3.0 <0.4"

chalk@^0.5.1:
  version "0.5.1"
  resolved "https://registry.yarnpkg.com/chalk/-/chalk-0.5.1.tgz#663b3a648b68b55d04690d49167aa837858f2174"
  dependencies:
    ansi-styles "^1.1.0"
    escape-string-regexp "^1.0.0"
    has-ansi "^0.1.0"
    strip-ansi "^0.3.0"
    supports-color "^0.2.0"

cli-color@0.3.2:
  version "0.3.2"
  resolved "https://registry.yarnpkg.com/cli-color/-/cli-color-0.3.2.tgz#75fa5f728c308cc4ac594b05e06cc5d80daccd86"
  dependencies:
    d "~0.1.1"
    es5-ext "~0.10.2"
    memoizee "0.3.x"
    timers-ext "0.1.x"

coffee-script@1.6.3, coffee-script@1.x.x:
  version "1.6.3"
  resolved "https://registry.yarnpkg.com/coffee-script/-/coffee-script-1.6.3.tgz#6355d32cf1b04cdff6b484e5e711782b2f0c39be"

commondir@~0.0.1:
  version "0.0.2"
  resolved "https://registry.yarnpkg.com/commondir/-/commondir-0.0.2.tgz#c49c8880c6fe96844bb3525dd2e7314050c389ee"

concat-map@0.0.1:
  version "0.0.1"
  resolved "https://registry.yarnpkg.com/concat-map/-/concat-map-0.0.1.tgz#d8a96bd77fd68df7793a73036a3ba0d5405d477b"

concat-stream@~1.0.0:
  version "1.0.1"
  resolved "https://registry.yarnpkg.com/concat-stream/-/concat-stream-1.0.1.tgz#018b18bc1c7d073a2dc82aa48442341a2c4dd79f"
  dependencies:
    bops "0.0.6"

core-js@^2.4.0, core-js@^2.5.0:
  version "2.5.1"
  resolved "https://registry.yarnpkg.com/core-js/-/core-js-2.5.1.tgz#ae6874dc66937789b80754ff5428df66819ca50b"

crypto-browserify@~0:
  version "0.4.0"
  resolved "https://registry.yarnpkg.com/crypto-browserify/-/crypto-browserify-0.4.0.tgz#246f6a337b884c99ffe8bfb085a184aee60c33f3"

cucumber-html@0.2.3:
  version "0.2.3"
  resolved "https://registry.yarnpkg.com/cucumber-html/-/cucumber-html-0.2.3.tgz#7b2a9fed21572c5d25d4bd4cbc7537a272b16a93"

cucumber@0.3.3:
  version "0.3.3"
  resolved "https://registry.yarnpkg.com/cucumber/-/cucumber-0.3.3.tgz#5c7851bfe1da42778557eb585631ec44123230ca"
  dependencies:
    browserify "1.15.5"
    coffee-script "1.6.3"
    cucumber-html "0.2.3"
    gherkin "2.12.2"
    nopt "2.1.2"
    pogo "0.5.1"
    underscore "1.5.2"
    walkdir "0.0.7"

d@1:
  version "1.0.0"
  resolved "https://registry.yarnpkg.com/d/-/d-1.0.0.tgz#754bb5bfe55451da69a58b94d45f4c5b0462d58f"
  dependencies:
    es5-ext "^0.10.9"

d@~0.1.1:
  version "0.1.1"
  resolved "https://registry.yarnpkg.com/d/-/d-0.1.1.tgz#da184c535d18d8ee7ba2aa229b914009fae11309"
  dependencies:
    es5-ext "~0.10.2"

deputy@~0.0.3:
  version "0.0.4"
  resolved "https://registry.yarnpkg.com/deputy/-/deputy-0.0.4.tgz#edc00a9ef5c53527c405328534c99795ada41cbf"
  dependencies:
    detective "~0.2.0"
    mkdirp "~0.3.3"

detective@~0.2.0:
  version "0.2.1"
  resolved "https://registry.yarnpkg.com/detective/-/detective-0.2.1.tgz#9ce92601fd223810c29432ad034f8c62d8b8654f"
  dependencies:
    esprima "~0.9.9"

diff@1.0.7:
  version "1.0.7"
  resolved "https://registry.yarnpkg.com/diff/-/diff-1.0.7.tgz#24bbb001c4a7d5522169e7cabdb2c2814ed91cf4"

es5-ext@^0.10.14, es5-ext@^0.10.9, es5-ext@~0.10.11, es5-ext@~0.10.14, es5-ext@~0.10.2, es5-ext@~0.10.5, es5-ext@~0.10.6:
  version "0.10.30"
  resolved "https://registry.yarnpkg.com/es5-ext/-/es5-ext-0.10.30.tgz#7141a16836697dbabfaaaeee41495ce29f52c939"
  dependencies:
    es6-iterator "2"
    es6-symbol "~3.1"

es6-iterator@2:
  version "2.0.1"
  resolved "https://registry.yarnpkg.com/es6-iterator/-/es6-iterator-2.0.1.tgz#8e319c9f0453bf575d374940a655920e59ca5512"
  dependencies:
    d "1"
    es5-ext "^0.10.14"
    es6-symbol "^3.1"

es6-iterator@~0.1.3:
  version "0.1.3"
  resolved "https://registry.yarnpkg.com/es6-iterator/-/es6-iterator-0.1.3.tgz#d6f58b8c4fc413c249b4baa19768f8e4d7c8944e"
  dependencies:
    d "~0.1.1"
    es5-ext "~0.10.5"
    es6-symbol "~2.0.1"

es6-symbol@^3.1, es6-symbol@~3.1:
  version "3.1.1"
  resolved "https://registry.yarnpkg.com/es6-symbol/-/es6-symbol-3.1.1.tgz#bf00ef4fdab6ba1b46ecb7b629b4c7ed5715cc77"
  dependencies:
    d "1"
    es5-ext "~0.10.14"

es6-symbol@~2.0.1:
  version "2.0.1"
  resolved "https://registry.yarnpkg.com/es6-symbol/-/es6-symbol-2.0.1.tgz#761b5c67cfd4f1d18afb234f691d678682cb3bf3"
  dependencies:
    d "~0.1.1"
    es5-ext "~0.10.5"

es6-weak-map@~0.1.4:
  version "0.1.4"
  resolved "https://registry.yarnpkg.com/es6-weak-map/-/es6-weak-map-0.1.4.tgz#706cef9e99aa236ba7766c239c8b9e286ea7d228"
  dependencies:
    d "~0.1.1"
    es5-ext "~0.10.6"
    es6-iterator "~0.1.3"
    es6-symbol "~2.0.1"

escape-string-regexp@^1.0.0:
  version "1.0.5"
  resolved "https://registry.yarnpkg.com/escape-string-regexp/-/escape-string-regexp-1.0.5.tgz#1b61c0562190a8dff6ae3bb2cf0200ca130b86d4"

esprima@~0.9.9:
  version "0.9.9"
  resolved "https://registry.yarnpkg.com/esprima/-/esprima-0.9.9.tgz#1b90925c975d632d7282939c3bb9c3a423c30490"

event-emitter@~0.3.4:
  version "0.3.5"
  resolved "https://registry.yarnpkg.com/event-emitter/-/event-emitter-0.3.5.tgz#df8c69eef1647923c7157b9ce83840610b02cc39"
  dependencies:
    d "1"
    es5-ext "~0.10.14"

fs-extra@0.26.7:
  version "0.26.7"
  resolved "https://registry.yarnpkg.com/fs-extra/-/fs-extra-0.26.7.tgz#9ae1fdd94897798edab76d0918cf42d0c3184fa9"
  dependencies:
    graceful-fs "^4.1.2"
    jsonfile "^2.1.0"
    klaw "^1.0.0"
    path-is-absolute "^1.0.0"
    rimraf "^2.2.8"

fs.realpath@^1.0.0:
  version "1.0.0"
  resolved "https://registry.yarnpkg.com/fs.realpath/-/fs.realpath-1.0.0.tgz#1504ad2523158caa40db4a2787cb01411994ea4f"

gherkin@2.12.2:
  version "2.12.2"
  resolved "https://registry.yarnpkg.com/gherkin/-/gherkin-2.12.2.tgz#3c74547e466134a0ef83f614b1adfc489b70dc62"

glob@7.1.2, glob@^7.0.5:
  version "7.1.2"
  resolved "https://registry.yarnpkg.com/glob/-/glob-7.1.2.tgz#c19c9df9a028702d678612384a6552404c636d15"
  dependencies:
    fs.realpath "^1.0.0"
    inflight "^1.0.4"
    inherits "2"
    minimatch "^3.0.4"
    once "^1.3.0"
    path-is-absolute "^1.0.0"

glob@^7.0.6:
  version "7.1.3"
  resolved "https://registry.yarnpkg.com/glob/-/glob-7.1.3.tgz#3960832d3f1574108342dafd3a67b332c0969df1"
  integrity sha512-vcfuiIxogLV4DlGBHIUOwI0IbrJ8HWPc4MU7HzviGeNho/UJDfi6B5p3sHeWIQ0KGIU0Jpxi5ZHxemQfLkkAwQ==
  dependencies:
    fs.realpath "^1.0.0"
    inflight "^1.0.4"
    inherits "2"
    minimatch "^3.0.4"
    once "^1.3.0"
    path-is-absolute "^1.0.0"

graceful-fs@^4.1.2, graceful-fs@^4.1.6, graceful-fs@^4.1.9:
  version "4.1.11"
  resolved "https://registry.yarnpkg.com/graceful-fs/-/graceful-fs-4.1.11.tgz#0e8bdfe4d1ddb8854d64e04ea7c00e2a026e5658"

has-ansi@^0.1.0:
  version "0.1.0"
  resolved "https://registry.yarnpkg.com/has-ansi/-/has-ansi-0.1.0.tgz#84f265aae8c0e6a88a12d7022894b7568894c62e"
  dependencies:
    ansi-regex "^0.2.0"

"hashish@>=0.0.2 <0.1":
  version "0.0.4"
  resolved "https://registry.yarnpkg.com/hashish/-/hashish-0.0.4.tgz#6d60bc6ffaf711b6afd60e426d077988014e6554"
  dependencies:
    traverse ">=0.2.4"

http-browserify@~0.1.1:
  version "0.1.14"
  resolved "https://registry.yarnpkg.com/http-browserify/-/http-browserify-0.1.14.tgz#9c8b3f94002204547c7cbe5269afe2ea62f71c7f"
  dependencies:
    Base64 "~0.1.2"
    concat-stream "~1.0.0"

immutable@3.6.2:
  version "3.6.2"
  resolved "https://registry.yarnpkg.com/immutable/-/immutable-3.6.2.tgz#903298d69cf2c83f975b417dad3a2a34967604ae"

indexof@0.0.1:
  version "0.0.1"
  resolved "https://registry.yarnpkg.com/indexof/-/indexof-0.0.1.tgz#82dc336d232b9062179d05ab3293a66059fd435d"

inflight@^1.0.4:
  version "1.0.6"
  resolved "https://registry.yarnpkg.com/inflight/-/inflight-1.0.6.tgz#49bd6331d7d02d0c09bc910a1075ba8165b56df9"
  dependencies:
    once "^1.3.0"
    wrappy "1"

inherits@2:
  version "2.0.3"
  resolved "https://registry.yarnpkg.com/inherits/-/inherits-2.0.3.tgz#633c2c83e3da42a502f52466022480f4208261de"
  integrity sha1-Yzwsg+PaQqUC9SRmAiSA9CCCYd4=

jasmine-core@~3.2.0:
  version "3.2.1"
  resolved "https://registry.yarnpkg.com/jasmine-core/-/jasmine-core-3.2.1.tgz#8e4ff5b861603ee83343f2b49eee6a0ffe9650ce"
  integrity sha512-pa9tbBWgU0EE4SWgc85T4sa886ufuQdsgruQANhECYjwqgV4z7Vw/499aCaP8ZH79JDS4vhm8doDG9HO4+e4sA==

jasmine@3.2:
  version "3.2.0"
  resolved "https://registry.yarnpkg.com/jasmine/-/jasmine-3.2.0.tgz#b3a018454781805650e46578803d08e7cfdd7b3d"
  integrity sha512-qv6TZ32r+slrQz8fbx2EhGbD9zlJo3NwPrpLK1nE8inILtZO9Fap52pyHk7mNTh4tG50a+1+tOiWVT3jO5I0Sg==
  dependencies:
    glob "^7.0.6"
    jasmine-core "~3.2.0"

jsondiffpatch@0.1.38:
  version "0.1.38"
  resolved "https://registry.yarnpkg.com/jsondiffpatch/-/jsondiffpatch-0.1.38.tgz#72bfbe43ff09c9e2cabdbf11e7bb9d15605b1d55"
  dependencies:
    chalk "^0.5.1"

jsonfile@^2.1.0:
  version "2.4.0"
  resolved "https://registry.yarnpkg.com/jsonfile/-/jsonfile-2.4.0.tgz#3736a2b428b87bbda0cc83b53fa3d633a35c2ae8"
  optionalDependencies:
    graceful-fs "^4.1.6"

klaw@^1.0.0:
  version "1.3.1"
  resolved "https://registry.yarnpkg.com/klaw/-/klaw-1.3.1.tgz#4088433b46b3b1ba259d78785d8e96f73ba02439"
  optionalDependencies:
    graceful-fs "^4.1.9"

lru-queue@0.1:
  version "0.1.0"
  resolved "https://registry.yarnpkg.com/lru-queue/-/lru-queue-0.1.0.tgz#2738bd9f0d3cf4f84490c5736c48699ac632cda3"
  dependencies:
    es5-ext "~0.10.2"

memoizee@0.3.x:
  version "0.3.10"
  resolved "https://registry.yarnpkg.com/memoizee/-/memoizee-0.3.10.tgz#4eca0d8aed39ec9d017f4c5c2f2f6432f42e5c8f"
  dependencies:
    d "~0.1.1"
    es5-ext "~0.10.11"
    es6-weak-map "~0.1.4"
    event-emitter "~0.3.4"
    lru-queue "0.1"
    next-tick "~0.2.2"
    timers-ext "0.1"

minimatch@^3.0.4:
  version "3.0.4"
  resolved "https://registry.yarnpkg.com/minimatch/-/minimatch-3.0.4.tgz#5166e286457f03306064be5497e8dbb0c3d32083"
  dependencies:
    brace-expansion "^1.1.7"

minimist@0.0.8:
  version "0.0.8"
  resolved "https://registry.yarnpkg.com/minimist/-/minimist-0.0.8.tgz#857fcabfc3397d2625b8228262e86aa7a011b05d"

mkdirp@0.3.5, mkdirp@~0.3.3:
  version "0.3.5"
  resolved "https://registry.yarnpkg.com/mkdirp/-/mkdirp-0.3.5.tgz#de3e5f8961c88c787ee1368df849ac4413eca8d7"

mona@0.9.1:
  version "0.9.1"
  resolved "https://registry.yarnpkg.com/mona/-/mona-0.9.1.tgz#6ce9313186a7b26ad3fa803cad627003a5b3213d"
  dependencies:
    "@mona/combinators" "^1.0.5"
    "@mona/core" "^1.0.4"
    "@mona/numbers" "^1.0.3"
    "@mona/parse" "^1.0.5"
    "@mona/parse-async" "^1.0.0"
    "@mona/strings" "^1.1.1"

ncp@2.0.0:
  version "2.0.0"
  resolved "https://registry.yarnpkg.com/ncp/-/ncp-2.0.0.tgz#195a21d6c46e361d2fb1281ba38b91e9df7bdbb3"

next-tick@1:
  version "1.0.0"
  resolved "https://registry.yarnpkg.com/next-tick/-/next-tick-1.0.0.tgz#ca86d1fe8828169b0120208e3dc8424b9db8342c"

next-tick@~0.2.2:
  version "0.2.2"
  resolved "https://registry.yarnpkg.com/next-tick/-/next-tick-0.2.2.tgz#75da4a927ee5887e39065880065b7336413b310d"

nopt@2.1.2:
  version "2.1.2"
  resolved "https://registry.yarnpkg.com/nopt/-/nopt-2.1.2.tgz#6cccd977b80132a07731d6e8ce58c2c8303cf9af"
  dependencies:
    abbrev "1"

nub@~0.0.0:
  version "0.0.0"
  resolved "https://registry.yarnpkg.com/nub/-/nub-0.0.0.tgz#b369bd32bdde66af59605c3b0520bc219dccc04f"

once@^1.3.0:
  version "1.4.0"
  resolved "https://registry.yarnpkg.com/once/-/once-1.4.0.tgz#583b1aa775961d4b113ac17d9c50baef9dd76bd1"
  dependencies:
    wrappy "1"

optimist@~0.3.4, optimist@~0.3.5:
  version "0.3.7"
  resolved "https://registry.yarnpkg.com/optimist/-/optimist-0.3.7.tgz#c90941ad59e4273328923074d2cf2e7cbc6ec0d9"
  dependencies:
    wordwrap "~0.0.2"

path-is-absolute@^1.0.0:
  version "1.0.1"
  resolved "https://registry.yarnpkg.com/path-is-absolute/-/path-is-absolute-1.0.1.tgz#174b9268735534ffbc7ace6bf53a5a9e1b5c5f5f"

pogo@0.5.1:
  version "0.5.1"
  resolved "https://registry.yarnpkg.com/pogo/-/pogo-0.5.1.tgz#37b89e9d61b6a471d3093c669b265326fb69f3f1"
  dependencies:
    uglify-js "2.2.4"
    underscore "1.4.4"

promise@7.1.1:
  version "7.1.1"
  resolved "https://registry.yarnpkg.com/promise/-/promise-7.1.1.tgz#489654c692616b8aa55b0724fa809bb7db49c5bf"
  dependencies:
    asap "~2.0.3"

regenerator-runtime@^0.10.5:
  version "0.10.5"
  resolved "https://registry.yarnpkg.com/regenerator-runtime/-/regenerator-runtime-0.10.5.tgz#336c3efc1220adcedda2c9fab67b5a7955a33658"

regenerator-runtime@^0.11.0:
  version "0.11.0"
  resolved "https://registry.yarnpkg.com/regenerator-runtime/-/regenerator-runtime-0.11.0.tgz#7e54fe5b5ccd5d6624ea6255c3473be090b802e1"

remove@0.1.5:
  version "0.1.5"
  resolved "https://registry.yarnpkg.com/remove/-/remove-0.1.5.tgz#095ffd827d65c9f41ad97d33e416a75811079955"
  dependencies:
    seq ">= 0.3.5"

resolve@~0.2.0:
  version "0.2.8"
  resolved "https://registry.yarnpkg.com/resolve/-/resolve-0.2.8.tgz#fdb17d4abb0ecaf6f80d67ac03cf290088f6c0d0"

rimraf@^2.2.8:
  version "2.6.1"
  resolved "https://registry.yarnpkg.com/rimraf/-/rimraf-2.6.1.tgz#c2338ec643df7a1b7fe5c54fa86f57428a55f33d"
  dependencies:
    glob "^7.0.5"

"seq@>= 0.3.5":
  version "0.3.5"
  resolved "https://registry.yarnpkg.com/seq/-/seq-0.3.5.tgz#ae02af3a424793d8ccbf212d69174e0c54dffe38"
  dependencies:
    chainsaw ">=0.0.7 <0.1"
    hashish ">=0.0.2 <0.1"

signedsource@1.0.0:
  version "1.0.0"
  resolved "https://registry.yarnpkg.com/signedsource/-/signedsource-1.0.0.tgz#1ddace4981798f93bd833973803d80d52e93ad6a"

source-map@~0.1.7:
  version "0.1.43"
  resolved "https://registry.yarnpkg.com/source-map/-/source-map-0.1.43.tgz#c24bc146ca517c1471f5dacbe2571b2b7f9e3346"
  dependencies:
    amdefine ">=0.0.4"

strip-ansi@^0.3.0:
  version "0.3.0"
  resolved "https://registry.yarnpkg.com/strip-ansi/-/strip-ansi-0.3.0.tgz#25f48ea22ca79187f3174a4db8759347bb126220"
  dependencies:
    ansi-regex "^0.2.1"

supports-color@^0.2.0:
  version "0.2.0"
  resolved "https://registry.yarnpkg.com/supports-color/-/supports-color-0.2.0.tgz#d92de2694eb3f67323973d7ae3d8b55b4c22190a"

syntax-error@~0.0.0:
  version "0.0.1"
  resolved "https://registry.yarnpkg.com/syntax-error/-/syntax-error-0.0.1.tgz#019d075348cd8c5b79f0603c73e53891a7c5235d"
  dependencies:
    esprima "~0.9.9"

timers-ext@0.1, timers-ext@0.1.x:
  version "0.1.2"
  resolved "https://registry.yarnpkg.com/timers-ext/-/timers-ext-0.1.2.tgz#61cc47a76c1abd3195f14527f978d58ae94c5204"
  dependencies:
    es5-ext "~0.10.14"
    next-tick "1"

to-utf8@0.0.1:
  version "0.0.1"
  resolved "https://registry.yarnpkg.com/to-utf8/-/to-utf8-0.0.1.tgz#d17aea72ff2fba39b9e43601be7b3ff72e089852"

traverse@>=0.2.4, "traverse@>=0.3.0 <0.4":
  version "0.3.9"
  resolved "https://registry.yarnpkg.com/traverse/-/traverse-0.3.9.tgz#717b8f220cc0bb7b44e40514c22b2e8bbc70d8b9"

typescript@3.0:
  version "3.0.3"
  resolved "https://registry.yarnpkg.com/typescript/-/typescript-3.0.3.tgz#4853b3e275ecdaa27f78fda46dc273a7eb7fc1c8"
  integrity sha512-kk80vLW9iGtjMnIv11qyxLqZm20UklzuR2tL0QAnDIygIUIemcZMxlMWudl9OOt76H3ntVzcTiddQ1/pAAJMYg==

uglify-js@2.2.4:
  version "2.2.4"
  resolved "https://registry.yarnpkg.com/uglify-js/-/uglify-js-2.2.4.tgz#805b40fa468b1fad4da84f3e04cd0ca26bf80a29"
  dependencies:
    optimist "~0.3.5"
    source-map "~0.1.7"

underscore@1.4.4:
  version "1.4.4"
  resolved "https://registry.yarnpkg.com/underscore/-/underscore-1.4.4.tgz#61a6a32010622afa07963bf325203cf12239d604"

underscore@1.5.2:
  version "1.5.2"
  resolved "https://registry.yarnpkg.com/underscore/-/underscore-1.5.2.tgz#1335c5e4f5e6d33bbb4b006ba8c86a00f556de08"

vm-browserify@~0.0.0:
  version "0.0.4"
  resolved "https://registry.yarnpkg.com/vm-browserify/-/vm-browserify-0.0.4.tgz#5d7ea45bbef9e4a6ff65f95438e0a87c357d5a73"
  dependencies:
    indexof "0.0.1"

walkdir@0.0.7:
  version "0.0.7"
  resolved "https://registry.yarnpkg.com/walkdir/-/walkdir-0.0.7.tgz#04da0270a87a778540173cdbf0a2db499a8d9e29"

wordwrap@~0.0.2:
  version "0.0.3"
  resolved "https://registry.yarnpkg.com/wordwrap/-/wordwrap-0.0.3.tgz#a3d5da6cd5c0bc0008d37234bbaf1bed63059107"

wrappy@1:
  version "1.0.2"
  resolved "https://registry.yarnpkg.com/wrappy/-/wrappy-1.0.2.tgz#b5243d8f3ec1aa35f1364605bc0d1036e30ab69f"
