# THIS IS AN AUTOGENERATED FILE. DO NOT EDIT THIS FILE DIRECTLY.
# yarn lockfile v1


"@mona/combinators@^1.0.2", "@mona/combinators@^1.0.5":
  version "1.0.5"
  resolved "https://registry.yarnpkg.com/@mona/combinators/-/combinators-1.0.5.tgz#ce4594c3f6ec27cbf9fe95fb09797c9fc6d038e3"
  dependencies:
    "@mona/core" "^1.0.3"
    "@mona/internals" "^1.0.4"
    babel-polyfill "^6.1.4"

"@mona/core@^1.0.3", "@mona/core@^1.0.4":
  version "1.0.4"
  resolved "https://registry.yarnpkg.com/@mona/core/-/core-1.0.4.tgz#de07c14c4fc0ee389b33873f33c0f1c893005b37"
  dependencies:
    "@mona/internals" "^1.0.4"

"@mona/internals@^1.0.4", "@mona/internals@^1.0.5":
  version "1.0.5"
  resolved "https://registry.yarnpkg.com/@mona/internals/-/internals-1.0.5.tgz#4ef3f0ec46a67378abfb579d84bf4d1d9878cb27"

"@mona/numbers@^1.0.3":
  version "1.0.3"
  resolved "https://registry.yarnpkg.com/@mona/numbers/-/numbers-1.0.3.tgz#736e6fe9094a023bfca54669cf6b8de2dc0063fe"
  dependencies:
    "@mona/combinators" "^1.0.5"
    "@mona/core" "^1.0.4"
    "@mona/strings" "^1.1.0"

"@mona/parse-async@^1.0.0":
  version "1.0.0"
  resolved "https://registry.yarnpkg.com/@mona/parse-async/-/parse-async-1.0.0.tgz#8a69f10f4563f9389c4c10d7bfedec91955e5a14"
  dependencies:
    "@mona/combinators" "^1.0.2"
    "@mona/internals" "^1.0.4"
    "@mona/parse" "^1.0.4"

"@mona/parse@^1.0.4", "@mona/parse@^1.0.5":
  version "1.0.5"
  resolved "https://registry.yarnpkg.com/@mona/parse/-/parse-1.0.5.tgz#d5e30a2d6e01e28aee7bcc4a0de593af97665a92"
  dependencies:
    "@mona/combinators" "^1.0.5"
    "@mona/core" "^1.0.4"
    "@mona/internals" "^1.0.5"

"@mona/strings@^1.1.0", "@mona/strings@^1.1.1":
  version "1.1.1"
  resolved "https://registry.yarnpkg.com/@mona/strings/-/strings-1.1.1.tgz#e3139770660b6bb396d69ab08c2c40f08ef6733f"
  dependencies:
    "@mona/combinators" "^1.0.5"
    "@mona/core" "^1.0.4"

"@types/cli-color@^0.3.29":
  version "0.3.29"
  resolved "https://registry.yarnpkg.com/@types/cli-color/-/cli-color-0.3.29.tgz#c83a71fe02c8c7e1ccec048dd6a2458d1f6c96ea"
  integrity sha1-yDpx/gLIx+HM7ASN1qJFjR9sluo=

"@types/minimist@^1.2.0":
  version "1.2.0"
  resolved "https://registry.yarnpkg.com/@types/minimist/-/minimist-1.2.0.tgz#69a23a3ad29caf0097f06eda59b361ee2f0639f6"
  integrity sha1-aaI6OtKcrwCX8G7aWbNh7i8GOfY=

"@types/node@^13.11.0":
  version "13.11.0"
  resolved "https://registry.yarnpkg.com/@types/node/-/node-13.11.0.tgz#390ea202539c61c8fa6ba4428b57e05bc36dc47b"
  integrity sha512-uM4mnmsIIPK/yeO+42F2RQhGUIs39K2RFmugcJANppXe6J1nvH87PvzPZYpza7Xhhs8Yn9yIAVdLZ84z61+0xQ==

ansi-regex@^0.2.0, ansi-regex@^0.2.1:
  version "0.2.1"
  resolved "https://registry.yarnpkg.com/ansi-regex/-/ansi-regex-0.2.1.tgz#0d8e946967a3d8143f93e24e298525fc1b2235f9"

ansi-regex@^3.0.0:
  version "3.0.0"
  resolved "https://registry.yarnpkg.com/ansi-regex/-/ansi-regex-3.0.0.tgz#ed0317c322064f79466c02966bddb605ab37d998"
  integrity sha1-7QMXwyIGT3lGbAKWa922Bas32Zg=

ansi-styles@^1.1.0:
  version "1.1.0"
  resolved "https://registry.yarnpkg.com/ansi-styles/-/ansi-styles-1.1.0.tgz#eaecbf66cd706882760b2f4691582b8f55d7a7de"

any-promise@^1.0.0:
  version "1.3.0"
  resolved "https://registry.yarnpkg.com/any-promise/-/any-promise-1.3.0.tgz#abc6afeedcea52e809cdc0376aed3ce39635d17f"
  integrity sha1-q8av7tzqUugJzcA3au0845Y10X8=

asap@~2.0.3:
  version "2.0.6"
  resolved "https://registry.yarnpkg.com/asap/-/asap-2.0.6.tgz#e50347611d7e690943208bbdafebcbc2fb866d46"

assert-plus@^1.0.0:
  version "1.0.0"
  resolved "https://registry.yarnpkg.com/assert-plus/-/assert-plus-1.0.0.tgz#f12e0f3c5d77b0b1cdd9146942e4e96c1e4dd525"
  integrity sha1-8S4PPF13sLHN2RRpQuTpbB5N1SU=

assertion-error-formatter@^2.0.1:
  version "2.0.1"
  resolved "https://registry.yarnpkg.com/assertion-error-formatter/-/assertion-error-formatter-2.0.1.tgz#6bbdffaec8e2fa9e2b0eb158bfe353132d7c0a9b"
  integrity sha512-cjC3jUCh9spkroKue5PDSKH5RFQ/KNuZJhk3GwHYmB/8qqETxLOmMdLH+ohi/VukNzxDlMvIe7zScvLoOdhb6Q==
  dependencies:
    diff "^3.0.0"
    pad-right "^0.2.2"
    repeat-string "^1.6.1"

babel-polyfill@^6.1.4:
  version "6.26.0"
  resolved "https://registry.yarnpkg.com/babel-polyfill/-/babel-polyfill-6.26.0.tgz#379937abc67d7895970adc621f284cd966cf2153"
  dependencies:
    babel-runtime "^6.26.0"
    core-js "^2.5.0"
    regenerator-runtime "^0.10.5"

babel-runtime@^6.11.6, babel-runtime@^6.26.0:
  version "6.26.0"
  resolved "https://registry.yarnpkg.com/babel-runtime/-/babel-runtime-6.26.0.tgz#965c7058668e82b55d7bfe04ff2337bc8b5647fe"
  dependencies:
    core-js "^2.4.0"
    regenerator-runtime "^0.11.0"

balanced-match@^1.0.0:
  version "1.0.0"
  resolved "https://registry.yarnpkg.com/balanced-match/-/balanced-match-1.0.0.tgz#89b4d199ab2bee49de164ea02b89ce462d71b767"

becke-ch--regex--s0-0-v1--base--pl--lib@^1.2.0:
  version "1.4.0"
  resolved "https://registry.yarnpkg.com/becke-ch--regex--s0-0-v1--base--pl--lib/-/becke-ch--regex--s0-0-v1--base--pl--lib-1.4.0.tgz#429ceebbfa5f7e936e78d73fbdc7da7162b20e20"
  integrity sha1-Qpzuu/pffpNueNc/vcfacWKyDiA=

bluebird@^3.4.1:
  version "3.5.3"
  resolved "https://registry.yarnpkg.com/bluebird/-/bluebird-3.5.3.tgz#7d01c6f9616c9a51ab0f8c549a79dfe6ec33efa7"
  integrity sha512-/qKPUQlaW1OyR51WeCPBvRnAlnZFUJkCSG5HzGnuIqhgyJtF+T94lFnn33eiazjRm2LAHVy2guNnaq48X9SJuw==

brace-expansion@^1.1.7:
  version "1.1.8"
  resolved "https://registry.yarnpkg.com/brace-expansion/-/brace-expansion-1.1.8.tgz#c07b211c7c952ec1f8efd51a77ef0d1d3990a292"
  dependencies:
    balanced-match "^1.0.0"
    concat-map "0.0.1"

"chainsaw@>=0.0.7 <0.1":
  version "0.0.9"
  resolved "https://registry.yarnpkg.com/chainsaw/-/chainsaw-0.0.9.tgz#11a05102d1c4c785b6d0415d336d5a3a1612913e"
  dependencies:
    traverse ">=0.3.0 <0.4"

chalk@^0.5.1:
  version "0.5.1"
  resolved "https://registry.yarnpkg.com/chalk/-/chalk-0.5.1.tgz#663b3a648b68b55d04690d49167aa837858f2174"
  dependencies:
    ansi-styles "^1.1.0"
    escape-string-regexp "^1.0.0"
    has-ansi "^0.1.0"
    strip-ansi "^0.3.0"
    supports-color "^0.2.0"

cli-color@0.3.2:
  version "0.3.2"
  resolved "https://registry.yarnpkg.com/cli-color/-/cli-color-0.3.2.tgz#75fa5f728c308cc4ac594b05e06cc5d80daccd86"
  dependencies:
    d "~0.1.1"
    es5-ext "~0.10.2"
    memoizee "0.3.x"
    timers-ext "0.1.x"

cli-table3@^0.5.1:
  version "0.5.1"
  resolved "https://registry.yarnpkg.com/cli-table3/-/cli-table3-0.5.1.tgz#0252372d94dfc40dbd8df06005f48f31f656f202"
  integrity sha512-7Qg2Jrep1S/+Q3EceiZtQcDPWxhAvBw+ERf1162v4sikJrvojMHFqXt8QIVha8UlH9rgU0BeWPytZ9/TzYqlUw==
  dependencies:
    object-assign "^4.1.0"
    string-width "^2.1.1"
  optionalDependencies:
    colors "^1.1.2"

colors@^1.1.2:
  version "1.3.2"
  resolved "https://registry.yarnpkg.com/colors/-/colors-1.3.2.tgz#2df8ff573dfbf255af562f8ce7181d6b971a359b"
  integrity sha512-rhP0JSBGYvpcNQj4s5AdShMeE5ahMop96cTeDl/v9qQQm2fYClE2QXZRi8wLzc+GmXSxdIqqbOIAhyObEXDbfQ==

commander@^2.9.0:
  version "2.19.0"
  resolved "https://registry.yarnpkg.com/commander/-/commander-2.19.0.tgz#f6198aa84e5b83c46054b94ddedbfed5ee9ff12a"
  integrity sha512-6tvAOO+D6OENvRAh524Dh9jcfKTYDQAqvqezbCW82xj5X0pSrcpxtvRKHLG0yBY6SD7PSDrJaj+0AiOcKVd1Xg==

concat-map@0.0.1:
  version "0.0.1"
  resolved "https://registry.yarnpkg.com/concat-map/-/concat-map-0.0.1.tgz#d8a96bd77fd68df7793a73036a3ba0d5405d477b"

core-js@^2.4.0, core-js@^2.5.0:
  version "2.5.1"
  resolved "https://registry.yarnpkg.com/core-js/-/core-js-2.5.1.tgz#ae6874dc66937789b80754ff5428df66819ca50b"

core-util-is@1.0.2:
  version "1.0.2"
  resolved "https://registry.yarnpkg.com/core-util-is/-/core-util-is-1.0.2.tgz#b5fd54220aa2bc5ab57aab7140c940754503c1a7"
  integrity sha1-tf1UIgqivFq1eqtxQMlAdUUDwac=

cross-spawn@^6.0.5:
  version "6.0.5"
  resolved "https://registry.yarnpkg.com/cross-spawn/-/cross-spawn-6.0.5.tgz#4a5ec7c64dfae22c3a14124dbacdee846d80cbc4"
  integrity sha512-eTVLrBSt7fjbDygz805pMnstIs2VTBNkRm0qxZd+M7A5XDdxVRWO5MxGBXZhjY4cqLYLdtrGqRf8mBPmzwSpWQ==
  dependencies:
    nice-try "^1.0.4"
    path-key "^2.0.1"
    semver "^5.5.0"
    shebang-command "^1.2.0"
    which "^1.2.9"

cucumber-expressions@^6.0.0:
  version "6.0.1"
  resolved "https://registry.yarnpkg.com/cucumber-expressions/-/cucumber-expressions-6.0.1.tgz#47c9c573781c2ff721d7ad5b2cd1c97f4399ab8e"
  integrity sha1-R8nFc3gcL/ch161bLNHJf0OZq44=
  dependencies:
    becke-ch--regex--s0-0-v1--base--pl--lib "^1.2.0"

cucumber-tag-expressions@^1.1.1:
  version "1.1.1"
  resolved "https://registry.yarnpkg.com/cucumber-tag-expressions/-/cucumber-tag-expressions-1.1.1.tgz#7f5c7b70009bc2b666591bfe64854578bedee85a"
  integrity sha1-f1x7cACbwrZmWRv+ZIVFeL7e6Fo=

cucumber@5.0:
  version "5.0.2"
  resolved "https://registry.yarnpkg.com/cucumber/-/cucumber-5.0.2.tgz#ffdeea0b47eaf21a63dedb49cd880425f2d7eb52"
  integrity sha512-0A5VkH4UKk5tkbo/jtUGDrAb7pUGuMqAvJAgpjm3n303sXfG8ntu0ESGjss4YKBAMl//qnBzGpB4cdSt5raH2A==
  dependencies:
    assertion-error-formatter "^2.0.1"
    babel-runtime "^6.11.6"
    bluebird "^3.4.1"
    cli-table3 "^0.5.1"
    colors "^1.1.2"
    commander "^2.9.0"
    cross-spawn "^6.0.5"
    cucumber-expressions "^6.0.0"
    cucumber-tag-expressions "^1.1.1"
    duration "^0.2.1"
    escape-string-regexp "^1.0.5"
    figures "2.0.0"
    gherkin "^5.0.0"
    glob "^7.0.0"
    indent-string "^3.1.0"
    is-generator "^1.0.2"
    is-stream "^1.1.0"
    knuth-shuffle-seeded "^1.0.6"
    lodash "^4.17.10"
    mz "^2.4.0"
    progress "^2.0.0"
    resolve "^1.3.3"
    serialize-error "^2.1.0"
    stack-chain "^2.0.0"
    stacktrace-js "^2.0.0"
    string-argv "0.1.1"
    title-case "^2.1.1"
    util-arity "^1.0.2"
    verror "^1.9.0"

d@1:
  version "1.0.0"
  resolved "https://registry.yarnpkg.com/d/-/d-1.0.0.tgz#754bb5bfe55451da69a58b94d45f4c5b0462d58f"
  dependencies:
    es5-ext "^0.10.9"

d@~0.1.1:
  version "0.1.1"
  resolved "https://registry.yarnpkg.com/d/-/d-0.1.1.tgz#da184c535d18d8ee7ba2aa229b914009fae11309"
  dependencies:
    es5-ext "~0.10.2"

diff@3.5, diff@^3.0.0:
  version "3.5.0"
  resolved "https://registry.yarnpkg.com/diff/-/diff-3.5.0.tgz#800c0dd1e0a8bfbc95835c202ad220fe317e5a12"
  integrity sha512-A46qtFgd+g7pDZinpnwiRJtxbC1hpgf0uzP3iG89scHk0AUC7A1TGxf5OiiOUv/JMZR8GOt8hL900hV0bOy5xA==

duration@^0.2.1:
  version "0.2.2"
  resolved "https://registry.yarnpkg.com/duration/-/duration-0.2.2.tgz#ddf149bc3bc6901150fe9017111d016b3357f529"
  integrity sha512-06kgtea+bGreF5eKYgI/36A6pLXggY7oR4p1pq4SmdFBn1ReOL5D8RhG64VrqfTTKNucqqtBAwEj8aB88mcqrg==
  dependencies:
    d "1"
    es5-ext "~0.10.46"

error-stack-parser@^2.0.1:
  version "2.0.2"
  resolved "https://registry.yarnpkg.com/error-stack-parser/-/error-stack-parser-2.0.2.tgz#4ae8dbaa2bf90a8b450707b9149dcabca135520d"
  integrity sha512-E1fPutRDdIj/hohG0UpT5mayXNCxXP9d+snxFsPU9X0XgccOumKraa3juDMwTUyi7+Bu5+mCGagjg4IYeNbOdw==
  dependencies:
    stackframe "^1.0.4"

es5-ext@^0.10.14, es5-ext@^0.10.9, es5-ext@~0.10.11, es5-ext@~0.10.14, es5-ext@~0.10.2, es5-ext@~0.10.5, es5-ext@~0.10.6:
  version "0.10.30"
  resolved "https://registry.yarnpkg.com/es5-ext/-/es5-ext-0.10.30.tgz#7141a16836697dbabfaaaeee41495ce29f52c939"
  dependencies:
    es6-iterator "2"
    es6-symbol "~3.1"

es5-ext@^0.10.35, es5-ext@~0.10.46:
  version "0.10.46"
  resolved "https://registry.yarnpkg.com/es5-ext/-/es5-ext-0.10.46.tgz#efd99f67c5a7ec789baa3daa7f79870388f7f572"
  integrity sha512-24XxRvJXNFwEMpJb3nOkiRJKRoupmjYmOPVlI65Qy2SrtxwOTB+g6ODjBKOtwEHbYrhWRty9xxOWLNdClT2djw==
  dependencies:
    es6-iterator "~2.0.3"
    es6-symbol "~3.1.1"
    next-tick "1"

es6-iterator@2:
  version "2.0.1"
  resolved "https://registry.yarnpkg.com/es6-iterator/-/es6-iterator-2.0.1.tgz#8e319c9f0453bf575d374940a655920e59ca5512"
  dependencies:
    d "1"
    es5-ext "^0.10.14"
    es6-symbol "^3.1"

es6-iterator@~0.1.3:
  version "0.1.3"
  resolved "https://registry.yarnpkg.com/es6-iterator/-/es6-iterator-0.1.3.tgz#d6f58b8c4fc413c249b4baa19768f8e4d7c8944e"
  dependencies:
    d "~0.1.1"
    es5-ext "~0.10.5"
    es6-symbol "~2.0.1"

es6-iterator@~2.0.3:
  version "2.0.3"
  resolved "https://registry.yarnpkg.com/es6-iterator/-/es6-iterator-2.0.3.tgz#a7de889141a05a94b0854403b2d0a0fbfa98f3b7"
  integrity sha1-p96IkUGgWpSwhUQDstCg+/qY87c=
  dependencies:
    d "1"
    es5-ext "^0.10.35"
    es6-symbol "^3.1.1"

es6-symbol@^3.1, es6-symbol@^3.1.1, es6-symbol@~3.1, es6-symbol@~3.1.1:
  version "3.1.1"
  resolved "https://registry.yarnpkg.com/es6-symbol/-/es6-symbol-3.1.1.tgz#bf00ef4fdab6ba1b46ecb7b629b4c7ed5715cc77"
  dependencies:
    d "1"
    es5-ext "~0.10.14"

es6-symbol@~2.0.1:
  version "2.0.1"
  resolved "https://registry.yarnpkg.com/es6-symbol/-/es6-symbol-2.0.1.tgz#761b5c67cfd4f1d18afb234f691d678682cb3bf3"
  dependencies:
    d "~0.1.1"
    es5-ext "~0.10.5"

es6-weak-map@~0.1.4:
  version "0.1.4"
  resolved "https://registry.yarnpkg.com/es6-weak-map/-/es6-weak-map-0.1.4.tgz#706cef9e99aa236ba7766c239c8b9e286ea7d228"
  dependencies:
    d "~0.1.1"
    es5-ext "~0.10.6"
    es6-iterator "~0.1.3"
    es6-symbol "~2.0.1"

escape-string-regexp@^1.0.0, escape-string-regexp@^1.0.5:
  version "1.0.5"
  resolved "https://registry.yarnpkg.com/escape-string-regexp/-/escape-string-regexp-1.0.5.tgz#1b61c0562190a8dff6ae3bb2cf0200ca130b86d4"
  integrity sha1-G2HAViGQqN/2rjuyzwIAyhMLhtQ=

event-emitter@~0.3.4:
  version "0.3.5"
  resolved "https://registry.yarnpkg.com/event-emitter/-/event-emitter-0.3.5.tgz#df8c69eef1647923c7157b9ce83840610b02cc39"
  dependencies:
    d "1"
    es5-ext "~0.10.14"

extsprintf@^1.2.0:
  version "1.4.0"
  resolved "https://registry.yarnpkg.com/extsprintf/-/extsprintf-1.4.0.tgz#e2689f8f356fad62cca65a3a91c5df5f9551692f"
  integrity sha1-4mifjzVvrWLMplo6kcXfX5VRaS8=

figures@2.0.0:
  version "2.0.0"
  resolved "https://registry.yarnpkg.com/figures/-/figures-2.0.0.tgz#3ab1a2d2a62c8bfb431a0c94cb797a2fce27c962"
  integrity sha1-OrGi0qYsi/tDGgyUy3l6L84nyWI=
  dependencies:
    escape-string-regexp "^1.0.5"

fs-extra@0.26.7:
  version "0.26.7"
  resolved "https://registry.yarnpkg.com/fs-extra/-/fs-extra-0.26.7.tgz#9ae1fdd94897798edab76d0918cf42d0c3184fa9"
  dependencies:
    graceful-fs "^4.1.2"
    jsonfile "^2.1.0"
    klaw "^1.0.0"
    path-is-absolute "^1.0.0"
    rimraf "^2.2.8"

fs.realpath@^1.0.0:
  version "1.0.0"
  resolved "https://registry.yarnpkg.com/fs.realpath/-/fs.realpath-1.0.0.tgz#1504ad2523158caa40db4a2787cb01411994ea4f"

gherkin@^5.0.0:
  version "5.1.0"
  resolved "https://registry.yarnpkg.com/gherkin/-/gherkin-5.1.0.tgz#684bbb03add24eaf7bdf544f58033eb28fb3c6d5"
  integrity sha1-aEu7A63STq9731RPWAM+so+zxtU=

glob@7.1.2, glob@^7.0.5:
  version "7.1.2"
  resolved "https://registry.yarnpkg.com/glob/-/glob-7.1.2.tgz#c19c9df9a028702d678612384a6552404c636d15"
  dependencies:
    fs.realpath "^1.0.0"
    inflight "^1.0.4"
    inherits "2"
    minimatch "^3.0.4"
    once "^1.3.0"
    path-is-absolute "^1.0.0"

glob@^7.0.0, glob@^7.0.6:
  version "7.1.3"
  resolved "https://registry.yarnpkg.com/glob/-/glob-7.1.3.tgz#3960832d3f1574108342dafd3a67b332c0969df1"
  integrity sha512-vcfuiIxogLV4DlGBHIUOwI0IbrJ8HWPc4MU7HzviGeNho/UJDfi6B5p3sHeWIQ0KGIU0Jpxi5ZHxemQfLkkAwQ==
  dependencies:
    fs.realpath "^1.0.0"
    inflight "^1.0.4"
    inherits "2"
    minimatch "^3.0.4"
    once "^1.3.0"
    path-is-absolute "^1.0.0"

graceful-fs@^4.1.2, graceful-fs@^4.1.6, graceful-fs@^4.1.9:
  version "4.1.11"
  resolved "https://registry.yarnpkg.com/graceful-fs/-/graceful-fs-4.1.11.tgz#0e8bdfe4d1ddb8854d64e04ea7c00e2a026e5658"

has-ansi@^0.1.0:
  version "0.1.0"
  resolved "https://registry.yarnpkg.com/has-ansi/-/has-ansi-0.1.0.tgz#84f265aae8c0e6a88a12d7022894b7568894c62e"
  dependencies:
    ansi-regex "^0.2.0"

"hashish@>=0.0.2 <0.1":
  version "0.0.4"
  resolved "https://registry.yarnpkg.com/hashish/-/hashish-0.0.4.tgz#6d60bc6ffaf711b6afd60e426d077988014e6554"
  dependencies:
    traverse ">=0.2.4"

immutable@3.6.2:
  version "3.6.2"
  resolved "https://registry.yarnpkg.com/immutable/-/immutable-3.6.2.tgz#903298d69cf2c83f975b417dad3a2a34967604ae"

indent-string@^3.1.0:
  version "3.2.0"
  resolved "https://registry.yarnpkg.com/indent-string/-/indent-string-3.2.0.tgz#4a5fd6d27cc332f37e5419a504dbb837105c9289"
  integrity sha1-Sl/W0nzDMvN+VBmlBNu4NxBckok=

inflight@^1.0.4:
  version "1.0.6"
  resolved "https://registry.yarnpkg.com/inflight/-/inflight-1.0.6.tgz#49bd6331d7d02d0c09bc910a1075ba8165b56df9"
  dependencies:
    once "^1.3.0"
    wrappy "1"

inherits@2:
  version "2.0.3"
  resolved "https://registry.yarnpkg.com/inherits/-/inherits-2.0.3.tgz#633c2c83e3da42a502f52466022480f4208261de"
  integrity sha1-Yzwsg+PaQqUC9SRmAiSA9CCCYd4=

is-fullwidth-code-point@^2.0.0:
  version "2.0.0"
  resolved "https://registry.yarnpkg.com/is-fullwidth-code-point/-/is-fullwidth-code-point-2.0.0.tgz#a3b30a5c4f199183167aaab93beefae3ddfb654f"
  integrity sha1-o7MKXE8ZkYMWeqq5O+764937ZU8=

is-generator@^1.0.2:
  version "1.0.3"
  resolved "https://registry.yarnpkg.com/is-generator/-/is-generator-1.0.3.tgz#c14c21057ed36e328db80347966c693f886389f3"
  integrity sha1-wUwhBX7TbjKNuANHlmxpP4hjifM=

is-stream@^1.1.0:
  version "1.1.0"
  resolved "https://registry.yarnpkg.com/is-stream/-/is-stream-1.1.0.tgz#12d4a3dd4e68e0b79ceb8dbc84173ae80d91ca44"
  integrity sha1-EtSj3U5o4Lec6428hBc66A2RykQ=

isexe@^2.0.0:
  version "2.0.0"
  resolved "https://registry.yarnpkg.com/isexe/-/isexe-2.0.0.tgz#e8fbf374dc556ff8947a10dcb0572d633f2cfa10"
  integrity sha1-6PvzdNxVb/iUehDcsFctYz8s+hA=

jasmine-core@~3.2.0:
  version "3.2.1"
  resolved "https://registry.yarnpkg.com/jasmine-core/-/jasmine-core-3.2.1.tgz#8e4ff5b861603ee83343f2b49eee6a0ffe9650ce"
  integrity sha512-pa9tbBWgU0EE4SWgc85T4sa886ufuQdsgruQANhECYjwqgV4z7Vw/499aCaP8ZH79JDS4vhm8doDG9HO4+e4sA==

jasmine@3.2:
  version "3.2.0"
  resolved "https://registry.yarnpkg.com/jasmine/-/jasmine-3.2.0.tgz#b3a018454781805650e46578803d08e7cfdd7b3d"
  integrity sha512-qv6TZ32r+slrQz8fbx2EhGbD9zlJo3NwPrpLK1nE8inILtZO9Fap52pyHk7mNTh4tG50a+1+tOiWVT3jO5I0Sg==
  dependencies:
    glob "^7.0.6"
    jasmine-core "~3.2.0"

jsondiffpatch@0.1.38:
  version "0.1.38"
  resolved "https://registry.yarnpkg.com/jsondiffpatch/-/jsondiffpatch-0.1.38.tgz#72bfbe43ff09c9e2cabdbf11e7bb9d15605b1d55"
  dependencies:
    chalk "^0.5.1"

jsonfile@^2.1.0:
  version "2.4.0"
  resolved "https://registry.yarnpkg.com/jsonfile/-/jsonfile-2.4.0.tgz#3736a2b428b87bbda0cc83b53fa3d633a35c2ae8"
  optionalDependencies:
    graceful-fs "^4.1.6"

klaw@^1.0.0:
  version "1.3.1"
  resolved "https://registry.yarnpkg.com/klaw/-/klaw-1.3.1.tgz#4088433b46b3b1ba259d78785d8e96f73ba02439"
  optionalDependencies:
    graceful-fs "^4.1.9"

knuth-shuffle-seeded@^1.0.6:
  version "1.0.6"
  resolved "https://registry.yarnpkg.com/knuth-shuffle-seeded/-/knuth-shuffle-seeded-1.0.6.tgz#01f1b65733aa7540ee08d8b0174164d22081e4e1"
  integrity sha1-AfG2VzOqdUDuCNiwF0Fk0iCB5OE=
  dependencies:
    seed-random "~2.2.0"

lodash@>=4.4, lodash@^4.17.10:
  version "4.17.21"
  resolved "https://registry.yarnpkg.com/lodash/-/lodash-4.17.21.tgz#679591c564c3bffaae8454cf0b3df370c3d6911c"
  integrity sha512-v2kDEe57lecTulaDIuNTPy3Ry4gLGJ6Z1O3vE1krgXZNrsQ+LFTGHVxVjcXPs17LhbZVGedAJv8XZ1tvj5FvSg==

lower-case@^1.1.1:
  version "1.1.4"
  resolved "https://registry.yarnpkg.com/lower-case/-/lower-case-1.1.4.tgz#9a2cabd1b9e8e0ae993a4bf7d5875c39c42e8eac"
  integrity sha1-miyr0bno4K6ZOkv31YdcOcQujqw=

lru-queue@0.1:
  version "0.1.0"
  resolved "https://registry.yarnpkg.com/lru-queue/-/lru-queue-0.1.0.tgz#2738bd9f0d3cf4f84490c5736c48699ac632cda3"
  dependencies:
    es5-ext "~0.10.2"

memoizee@0.3.x:
  version "0.3.10"
  resolved "https://registry.yarnpkg.com/memoizee/-/memoizee-0.3.10.tgz#4eca0d8aed39ec9d017f4c5c2f2f6432f42e5c8f"
  dependencies:
    d "~0.1.1"
    es5-ext "~0.10.11"
    es6-weak-map "~0.1.4"
    event-emitter "~0.3.4"
    lru-queue "0.1"
    next-tick "~0.2.2"
    timers-ext "0.1"

minimatch@^3.0.4:
  version "3.0.4"
  resolved "https://registry.yarnpkg.com/minimatch/-/minimatch-3.0.4.tgz#5166e286457f03306064be5497e8dbb0c3d32083"
  dependencies:
    brace-expansion "^1.1.7"

minimist@^1.2.2:
  version "1.2.5"
  resolved "https://registry.yarnpkg.com/minimist/-/minimist-1.2.5.tgz#67d66014b66a6a8aaa0c083c5fd58df4e4e97602"
  integrity sha512-FM9nNUYrRBAELZQT3xeZQ7fmMOBg6nWNmJKTcgsJeaLstP/UODVpGsr5OhXhhXg6f+qtJ8uiZ+PUxkDWcgIXLw==

mkdirp@0.3.5:
  version "0.3.5"
  resolved "https://registry.yarnpkg.com/mkdirp/-/mkdirp-0.3.5.tgz#de3e5f8961c88c787ee1368df849ac4413eca8d7"

mona@0.9.1:
  version "0.9.1"
  resolved "https://registry.yarnpkg.com/mona/-/mona-0.9.1.tgz#6ce9313186a7b26ad3fa803cad627003a5b3213d"
  dependencies:
    "@mona/combinators" "^1.0.5"
    "@mona/core" "^1.0.4"
    "@mona/numbers" "^1.0.3"
    "@mona/parse" "^1.0.5"
    "@mona/parse-async" "^1.0.0"
    "@mona/strings" "^1.1.1"

mz@^2.4.0:
  version "2.7.0"
  resolved "https://registry.yarnpkg.com/mz/-/mz-2.7.0.tgz#95008057a56cafadc2bc63dde7f9ff6955948e32"
  integrity sha512-z81GNO7nnYMEhrGh9LeymoE4+Yr0Wn5McHIZMK5cfQCl+NDX08sCZgUc9/6MHni9IWuFLm1Z3HTCXu2z9fN62Q==
  dependencies:
    any-promise "^1.0.0"
    object-assign "^4.0.1"
    thenify-all "^1.0.0"

ncp@2.0.0:
  version "2.0.0"
  resolved "https://registry.yarnpkg.com/ncp/-/ncp-2.0.0.tgz#195a21d6c46e361d2fb1281ba38b91e9df7bdbb3"

next-tick@1:
  version "1.0.0"
  resolved "https://registry.yarnpkg.com/next-tick/-/next-tick-1.0.0.tgz#ca86d1fe8828169b0120208e3dc8424b9db8342c"

next-tick@~0.2.2:
  version "0.2.2"
  resolved "https://registry.yarnpkg.com/next-tick/-/next-tick-0.2.2.tgz#75da4a927ee5887e39065880065b7336413b310d"

nice-try@^1.0.4:
  version "1.0.5"
  resolved "https://registry.yarnpkg.com/nice-try/-/nice-try-1.0.5.tgz#a3378a7696ce7d223e88fc9b764bd7ef1089e366"
  integrity sha512-1nh45deeb5olNY7eX82BkPO7SSxR5SSYJiPTrTdFUVYwAl8CKMA5N9PjTYkHiRjisVcxcQ1HXdLhx2qxxJzLNQ==

no-case@^2.2.0:
  version "2.3.2"
  resolved "https://registry.yarnpkg.com/no-case/-/no-case-2.3.2.tgz#60b813396be39b3f1288a4c1ed5d1e7d28b464ac"
  integrity sha512-rmTZ9kz+f3rCvK2TD1Ue/oZlns7OGoIWP4fc3llxxRXlOkHKoWPPWJOfFYpITabSow43QJbRIoHQXtt10VldyQ==
  dependencies:
    lower-case "^1.1.1"

object-assign@^4.0.1, object-assign@^4.1.0:
  version "4.1.1"
  resolved "https://registry.yarnpkg.com/object-assign/-/object-assign-4.1.1.tgz#2109adc7965887cfc05cbbd442cac8bfbb360863"
  integrity sha1-IQmtx5ZYh8/AXLvUQsrIv7s2CGM=

once@^1.3.0:
  version "1.4.0"
  resolved "https://registry.yarnpkg.com/once/-/once-1.4.0.tgz#583b1aa775961d4b113ac17d9c50baef9dd76bd1"
  dependencies:
    wrappy "1"

pad-right@^0.2.2:
  version "0.2.2"
  resolved "https://registry.yarnpkg.com/pad-right/-/pad-right-0.2.2.tgz#6fbc924045d244f2a2a244503060d3bfc6009774"
  integrity sha1-b7ySQEXSRPKiokRQMGDTv8YAl3Q=
  dependencies:
    repeat-string "^1.5.2"

path-is-absolute@^1.0.0:
  version "1.0.1"
  resolved "https://registry.yarnpkg.com/path-is-absolute/-/path-is-absolute-1.0.1.tgz#174b9268735534ffbc7ace6bf53a5a9e1b5c5f5f"

path-key@^2.0.1:
  version "2.0.1"
  resolved "https://registry.yarnpkg.com/path-key/-/path-key-2.0.1.tgz#411cadb574c5a140d3a4b1910d40d80cc9f40b40"
  integrity sha1-QRyttXTFoUDTpLGRDUDYDMn0C0A=

path-parse@^1.0.5:
  version "1.0.6"
  resolved "https://registry.yarnpkg.com/path-parse/-/path-parse-1.0.6.tgz#d62dbb5679405d72c4737ec58600e9ddcf06d24c"
  integrity sha512-GSmOT2EbHrINBf9SR7CDELwlJ8AENk3Qn7OikK4nFYAu3Ote2+JYNVvkpAEQm3/TLNEJFD/xZJjzyxg3KBWOzw==

progress@^2.0.0:
  version "2.0.1"
  resolved "https://registry.yarnpkg.com/progress/-/progress-2.0.1.tgz#c9242169342b1c29d275889c95734621b1952e31"
  integrity sha512-OE+a6vzqazc+K6LxJrX5UPyKFvGnL5CYmq2jFGNIBWHpc4QyE49/YOumcrpQFJpfejmvRtbJzgO1zPmMCqlbBg==

promise@7.1.1:
  version "7.1.1"
  resolved "https://registry.yarnpkg.com/promise/-/promise-7.1.1.tgz#489654c692616b8aa55b0724fa809bb7db49c5bf"
  dependencies:
    asap "~2.0.3"

regenerator-runtime@^0.10.5:
  version "0.10.5"
  resolved "https://registry.yarnpkg.com/regenerator-runtime/-/regenerator-runtime-0.10.5.tgz#336c3efc1220adcedda2c9fab67b5a7955a33658"

regenerator-runtime@^0.11.0:
  version "0.11.0"
  resolved "https://registry.yarnpkg.com/regenerator-runtime/-/regenerator-runtime-0.11.0.tgz#7e54fe5b5ccd5d6624ea6255c3473be090b802e1"

remove@0.1.5:
  version "0.1.5"
  resolved "https://registry.yarnpkg.com/remove/-/remove-0.1.5.tgz#095ffd827d65c9f41ad97d33e416a75811079955"
  dependencies:
    seq ">= 0.3.5"

repeat-string@^1.5.2, repeat-string@^1.6.1:
  version "1.6.1"
  resolved "https://registry.yarnpkg.com/repeat-string/-/repeat-string-1.6.1.tgz#8dcae470e1c88abc2d600fff4a776286da75e637"
  integrity sha1-jcrkcOHIirwtYA//Sndihtp15jc=

resolve@^1.3.3:
  version "1.8.1"
  resolved "https://registry.yarnpkg.com/resolve/-/resolve-1.8.1.tgz#82f1ec19a423ac1fbd080b0bab06ba36e84a7a26"
  integrity sha512-AicPrAC7Qu1JxPCZ9ZgCZlY35QgFnNqc+0LtbRNxnVw4TXvjQ72wnuL9JQcEBgXkI9JM8MsT9kaQoHcpCRJOYA==
  dependencies:
    path-parse "^1.0.5"

rimraf@^2.2.8:
  version "2.6.1"
  resolved "https://registry.yarnpkg.com/rimraf/-/rimraf-2.6.1.tgz#c2338ec643df7a1b7fe5c54fa86f57428a55f33d"
  dependencies:
    glob "^7.0.5"

seed-random@~2.2.0:
  version "2.2.0"
  resolved "https://registry.yarnpkg.com/seed-random/-/seed-random-2.2.0.tgz#2a9b19e250a817099231a5b99a4daf80b7fbed54"
  integrity sha1-KpsZ4lCoFwmSMaW5mk2vgLf77VQ=

semver@^5.5.0:
  version "5.6.0"
  resolved "https://registry.yarnpkg.com/semver/-/semver-5.6.0.tgz#7e74256fbaa49c75aa7c7a205cc22799cac80004"
  integrity sha512-RS9R6R35NYgQn++fkDWaOmqGoj4Ek9gGs+DPxNUZKuwE183xjJroKvyo1IzVFeXvUrvmALy6FWD5xrdJT25gMg==

"seq@>= 0.3.5":
  version "0.3.5"
  resolved "https://registry.yarnpkg.com/seq/-/seq-0.3.5.tgz#ae02af3a424793d8ccbf212d69174e0c54dffe38"
  dependencies:
    chainsaw ">=0.0.7 <0.1"
    hashish ">=0.0.2 <0.1"

serialize-error@^2.1.0:
  version "2.1.0"
  resolved "https://registry.yarnpkg.com/serialize-error/-/serialize-error-2.1.0.tgz#50b679d5635cdf84667bdc8e59af4e5b81d5f60a"
  integrity sha1-ULZ51WNc34Rme9yOWa9OW4HV9go=

shebang-command@^1.2.0:
  version "1.2.0"
  resolved "https://registry.yarnpkg.com/shebang-command/-/shebang-command-1.2.0.tgz#44aac65b695b03398968c39f363fee5deafdf1ea"
  integrity sha1-RKrGW2lbAzmJaMOfNj/uXer98eo=
  dependencies:
    shebang-regex "^1.0.0"

shebang-regex@^1.0.0:
  version "1.0.0"
  resolved "https://registry.yarnpkg.com/shebang-regex/-/shebang-regex-1.0.0.tgz#da42f49740c0b42db2ca9728571cb190c98efea3"
  integrity sha1-2kL0l0DAtC2yypcoVxyxkMmO/qM=

signedsource@1.0.0:
  version "1.0.0"
  resolved "https://registry.yarnpkg.com/signedsource/-/signedsource-1.0.0.tgz#1ddace4981798f93bd833973803d80d52e93ad6a"

source-map@0.5.6:
  version "0.5.6"
  resolved "https://registry.yarnpkg.com/source-map/-/source-map-0.5.6.tgz#75ce38f52bf0733c5a7f0c118d81334a2bb5f412"
  integrity sha1-dc449SvwczxafwwRjYEzSiu19BI=

stack-chain@^2.0.0:
  version "2.0.0"
  resolved "https://registry.yarnpkg.com/stack-chain/-/stack-chain-2.0.0.tgz#d73d1172af89565f07438b5bcc086831b6689b2d"
  integrity sha512-GGrHXePi305aW7XQweYZZwiRwR7Js3MWoK/EHzzB9ROdc75nCnjSJVi21rdAGxFl+yCx2L2qdfl5y7NO4lTyqg==

stack-generator@^2.0.1:
  version "2.0.3"
  resolved "https://registry.yarnpkg.com/stack-generator/-/stack-generator-2.0.3.tgz#bb74385c67ffc4ccf3c4dee5831832d4e509c8a0"
  integrity sha512-kdzGoqrnqsMxOEuXsXyQTmvWXZmG0f3Ql2GDx5NtmZs59sT2Bt9Vdyq0XdtxUi58q/+nxtbF9KOQ9HkV1QznGg==
  dependencies:
    stackframe "^1.0.4"

stackframe@^1.0.4:
  version "1.0.4"
  resolved "https://registry.yarnpkg.com/stackframe/-/stackframe-1.0.4.tgz#357b24a992f9427cba6b545d96a14ed2cbca187b"
  integrity sha512-to7oADIniaYwS3MhtCa/sQhrxidCCQiF/qp4/m5iN3ipf0Y7Xlri0f6eG29r08aL7JYl8n32AF3Q5GYBZ7K8vw==

stacktrace-gps@^3.0.1:
  version "3.0.2"
  resolved "https://registry.yarnpkg.com/stacktrace-gps/-/stacktrace-gps-3.0.2.tgz#33f8baa4467323ab2bd1816efa279942ba431ccc"
  integrity sha512-9o+nWhiz5wFnrB3hBHs2PTyYrS60M1vvpSzHxwxnIbtY2q9Nt51hZvhrG1+2AxD374ecwyS+IUwfkHRE/2zuGg==
  dependencies:
    source-map "0.5.6"
    stackframe "^1.0.4"

stacktrace-js@^2.0.0:
  version "2.0.0"
  resolved "https://registry.yarnpkg.com/stacktrace-js/-/stacktrace-js-2.0.0.tgz#776ca646a95bc6c6b2b90776536a7fc72c6ddb58"
  integrity sha1-d2ymRqlbxsayuQd2U2p/xyxt21g=
  dependencies:
    error-stack-parser "^2.0.1"
    stack-generator "^2.0.1"
    stacktrace-gps "^3.0.1"

string-argv@0.1.1:
  version "0.1.1"
  resolved "https://registry.yarnpkg.com/string-argv/-/string-argv-0.1.1.tgz#66bd5ae3823708eaa1916fa5412703150d4ddfaf"
  integrity sha512-El1Va5ehZ0XTj3Ekw4WFidXvTmt9SrC0+eigdojgtJMVtPkF0qbBe9fyNSl9eQf+kUHnTSQxdQYzuHfZy8V+DQ==

string-width@^2.1.1:
  version "2.1.1"
  resolved "https://registry.yarnpkg.com/string-width/-/string-width-2.1.1.tgz#ab93f27a8dc13d28cac815c462143a6d9012ae9e"
  integrity sha512-nOqH59deCq9SRHlxq1Aw85Jnt4w6KvLKqWVik6oA9ZklXLNIOlqg4F2yrT1MVaTjAqvVwdfeZ7w7aCvJD7ugkw==
  dependencies:
    is-fullwidth-code-point "^2.0.0"
    strip-ansi "^4.0.0"

strip-ansi@^0.3.0:
  version "0.3.0"
  resolved "https://registry.yarnpkg.com/strip-ansi/-/strip-ansi-0.3.0.tgz#25f48ea22ca79187f3174a4db8759347bb126220"
  dependencies:
    ansi-regex "^0.2.1"

strip-ansi@^4.0.0:
  version "4.0.0"
  resolved "https://registry.yarnpkg.com/strip-ansi/-/strip-ansi-4.0.0.tgz#a8479022eb1ac368a871389b635262c505ee368f"
  integrity sha1-qEeQIusaw2iocTibY1JixQXuNo8=
  dependencies:
    ansi-regex "^3.0.0"

supports-color@^0.2.0:
  version "0.2.0"
  resolved "https://registry.yarnpkg.com/supports-color/-/supports-color-0.2.0.tgz#d92de2694eb3f67323973d7ae3d8b55b4c22190a"

thenify-all@^1.0.0:
  version "1.6.0"
  resolved "https://registry.yarnpkg.com/thenify-all/-/thenify-all-1.6.0.tgz#1a1918d402d8fc3f98fbf234db0bcc8cc10e9726"
  integrity sha1-GhkY1ALY/D+Y+/I02wvMjMEOlyY=
  dependencies:
    thenify ">= 3.1.0 < 4"

"thenify@>= 3.1.0 < 4":
  version "3.3.0"
  resolved "https://registry.yarnpkg.com/thenify/-/thenify-3.3.0.tgz#e69e38a1babe969b0108207978b9f62b88604839"
  integrity sha1-5p44obq+lpsBCCB5eLn2K4hgSDk=
  dependencies:
    any-promise "^1.0.0"

timers-ext@0.1, timers-ext@0.1.x:
  version "0.1.2"
  resolved "https://registry.yarnpkg.com/timers-ext/-/timers-ext-0.1.2.tgz#61cc47a76c1abd3195f14527f978d58ae94c5204"
  dependencies:
    es5-ext "~0.10.14"
    next-tick "1"

title-case@^2.1.1:
  version "2.1.1"
  resolved "https://registry.yarnpkg.com/title-case/-/title-case-2.1.1.tgz#3e127216da58d2bc5becf137ab91dae3a7cd8faa"
  integrity sha1-PhJyFtpY0rxb7PE3q5Ha46fNj6o=
  dependencies:
    no-case "^2.2.0"
    upper-case "^1.0.3"

traverse@>=0.2.4, "traverse@>=0.3.0 <0.4":
  version "0.3.9"
  resolved "https://registry.yarnpkg.com/traverse/-/traverse-0.3.9.tgz#717b8f220cc0bb7b44e40514c22b2e8bbc70d8b9"

typescript@3.8.3:
  version "3.8.3"
  resolved "https://registry.yarnpkg.com/typescript/-/typescript-3.8.3.tgz#409eb8544ea0335711205869ec458ab109ee1061"
  integrity sha512-MYlEfn5VrLNsgudQTVJeNaQFUAI7DkhnOjdpAp4T+ku1TfQClewlbSuTVHiA+8skNBgaf02TL/kLOvig4y3G8w==

upper-case@^1.0.3:
  version "1.1.3"
  resolved "https://registry.yarnpkg.com/upper-case/-/upper-case-1.1.3.tgz#f6b4501c2ec4cdd26ba78be7222961de77621598"
  integrity sha1-9rRQHC7EzdJrp4vnIilh3ndiFZg=

util-arity@^1.0.2:
  version "1.1.0"
  resolved "https://registry.yarnpkg.com/util-arity/-/util-arity-1.1.0.tgz#59d01af1fdb3fede0ac4e632b0ab5f6ce97c9330"
  integrity sha1-WdAa8f2z/t4KxOYysKtfbOl8kzA=

verror@^1.9.0:
  version "1.10.0"
  resolved "https://registry.yarnpkg.com/verror/-/verror-1.10.0.tgz#3a105ca17053af55d6e270c1f8288682e18da400"
  integrity sha1-OhBcoXBTr1XW4nDB+CiGguGNpAA=
  dependencies:
    assert-plus "^1.0.0"
    core-util-is "1.0.2"
    extsprintf "^1.2.0"

which@^1.2.9:
  version "1.3.1"
  resolved "https://registry.yarnpkg.com/which/-/which-1.3.1.tgz#a45043d54f5805316da8d62f9f50918d3da70b0a"
  integrity sha512-HxJdYWq1MTIQbJ3nw0cqssHoTNU267KlrDuGZ1WYlxDStUtKUhOaJmh112/TZmHxxUfuJqPXSOm7tDyas0OSIQ==
  dependencies:
    isexe "^2.0.0"

wrappy@1:
  version "1.0.2"
  resolved "https://registry.yarnpkg.com/wrappy/-/wrappy-1.0.2.tgz#b5243d8f3ec1aa35f1364605bc0d1036e30ab69f"
